Microsoft Visual Studio Solution File, Format Version 12.00
# Visual Studio 14
VisualStudioVersion = 14.0.22823.1
MinimumVisualStudioVersion = 10.0.40219.1
Project("{2150E333-8FDC-42A3-9474-1A3956D46DE8}") = "Tests", "Tests", "{B760209E-57D7-4AEF-A726-69F73BBE52C0}"
EndProject
Project("{2150E333-8FDC-42A3-9474-1A3956D46DE8}") = "Samples", "Samples", "{13011738-A4B3-47B0-9E50-C0323EB19F76}"
EndProject
Project("{2150E333-8FDC-42A3-9474-1A3956D46DE8}") = "Solution Items", "Solution Items", "{2A88CAC6-514C-4962-8904-976F879B3E9D}"
	ProjectSection(SolutionItems) = preProject
		..\DotVVM.docx = ..\DotVVM.docx
		global.json = global.json
		Local.testsettings = Local.testsettings
		..\README.md = ..\README.md
	EndProjectSection
EndProject
Project("{2150E333-8FDC-42A3-9474-1A3956D46DE8}") = "VisualStudio", "VisualStudio", "{0BD7B542-16CE-40C8-9B2D-D3D2C6A3E5FD}"
EndProject
Project("{FAE04EC0-301F-11D3-BF4B-00C04F79EFBC}") = "DotVVM.Framework.Tests", "DotVVM.Framework.Tests\DotVVM.Framework.Tests.csproj", "{7C2EABF3-F594-4FCB-8DD9-EDA1E4DF1C24}"
EndProject
Project("{FAE04EC0-301F-11D3-BF4B-00C04F79EFBC}") = "DotVVM.VS2015Extension", "DotVVM.VS2015Extension\DotVVM.VS2015Extension.csproj", "{772E47BF-A251-44F7-92C4-157D9F083A6F}"
EndProject
Project("{FAE04EC0-301F-11D3-BF4B-00C04F79EFBC}") = "DotVVM.Samples.Tests", "DotVVM.Samples.Tests\DotVVM.Samples.Tests.csproj", "{E8934386-9B93-429D-AE5F-4DC6C5EBEAC2}"
EndProject
Project("{2150E333-8FDC-42A3-9474-1A3956D46DE8}") = "Templates", "Templates", "{2899FD45-2A63-4CAF-A351-27389FE3E47A}"
EndProject
Project("{FAE04EC0-301F-11D3-BF4B-00C04F79EFBC}") = "DotVVM.VS2015Extension.ProjectTemplate", "DotVVM.VS2015Extension.ProjectTemplate\DotVVM.VS2015Extension.ProjectTemplate.csproj", "{C1FE66D8-208E-4874-B6D3-7D37E0F5CAED}"
EndProject
Project("{FAE04EC0-301F-11D3-BF4B-00C04F79EFBC}") = "DotVVM.VS2015Extension.DotvvmPageTemplate", "DotVVM.VS2015Extension.DotvvmPageTemplate\DotVVM.VS2015Extension.DotvvmPageTemplate.csproj", "{7C74093B-73E6-4B2B-AE61-16E3EEC97CEE}"
EndProject
Project("{FAE04EC0-301F-11D3-BF4B-00C04F79EFBC}") = "DotVVM.VS2015Extension.DotvvmMasterPageTemplate", "DotVVM.VS2015Extension.DotvvmMasterPageTemplate\DotVVM.VS2015Extension.DotvvmMasterPageTemplate.csproj", "{A83D996D-C920-46EE-8D87-0B250CEA9653}"
EndProject
Project("{FAE04EC0-301F-11D3-BF4B-00C04F79EFBC}") = "DotVVM.VS2015Extension.DotvvmContentPageTemplate", "DotVVM.VS2015Extension.DotvvmContentPageTemplate\DotVVM.VS2015Extension.DotvvmContentPageTemplate.csproj", "{0FBAE5E3-467B-4194-B766-67414E6C9F06}"
EndProject
Project("{FAE04EC0-301F-11D3-BF4B-00C04F79EFBC}") = "DotVVM.VS2015Extension.DotvvmViewModelTemplate", "DotVVM.VS2015Extension.DotvvmViewModelTemplate\DotVVM.VS2015Extension.DotvvmViewModelTemplate.csproj", "{2C479119-B1E8-4C50-86F5-692108A55171}"
EndProject
Project("{FAE04EC0-301F-11D3-BF4B-00C04F79EFBC}") = "DotVVM.Samples.VirtualDirectorySamples", "DotVVM.Samples.VirtualDirectorySamples\DotVVM.Samples.VirtualDirectorySamples.csproj", "{7A07DFD1-10BF-42A2-8A8C-B5AAF41A5AFB}"
EndProject
Project("{FAE04EC0-301F-11D3-BF4B-00C04F79EFBC}") = "DotVVM.Framework.Tools", "DotVVM.Framework.Tools\DotVVM.Framework.Tools.csproj", "{DC32AB24-9A4F-4DF1-9749-6647EDDB972D}"
EndProject
Project("{F2A71F9B-5D33-465A-A702-920D77279786}") = "DotVVM.Samples.CanopyTests", "DotVVM.Samples.CanopyTests\DotVVM.Samples.CanopyTests.fsproj", "{A960AFE7-0D02-458D-A895-29E7A251C3DB}"
EndProject
Project("{8BB2217D-0F2D-49D1-97BC-3654ED321F3B}") = "DotVVM.Framework", "DotVVM.Framework\DotVVM.Framework.xproj", "{F1735B47-938E-419B-8E04-E90CE15444CF}"
EndProject
Project("{8BB2217D-0F2D-49D1-97BC-3654ED321F3B}") = "DotVVM.Samples.BasicSamples", "DotVVM.Samples.BasicSamples\DotVVM.Samples.BasicSamples.xproj", "{5E29956E-B052-456C-98CD-D9A1186C771E}"
EndProject
Global
	GlobalSection(SolutionConfigurationPlatforms) = preSolution
		Debug|Any CPU = Debug|Any CPU
		Debug|x64 = Debug|x64
		Release|Any CPU = Release|Any CPU
		Release|x64 = Release|x64
	EndGlobalSection
	GlobalSection(ProjectConfigurationPlatforms) = postSolution
		{7C2EABF3-F594-4FCB-8DD9-EDA1E4DF1C24}.Debug|Any CPU.ActiveCfg = Debug|Any CPU
		{7C2EABF3-F594-4FCB-8DD9-EDA1E4DF1C24}.Debug|Any CPU.Build.0 = Debug|Any CPU
		{7C2EABF3-F594-4FCB-8DD9-EDA1E4DF1C24}.Debug|x64.ActiveCfg = Debug|Any CPU
		{7C2EABF3-F594-4FCB-8DD9-EDA1E4DF1C24}.Debug|x64.Build.0 = Debug|Any CPU
		{7C2EABF3-F594-4FCB-8DD9-EDA1E4DF1C24}.Release|Any CPU.ActiveCfg = Release|Any CPU
		{7C2EABF3-F594-4FCB-8DD9-EDA1E4DF1C24}.Release|Any CPU.Build.0 = Release|Any CPU
		{7C2EABF3-F594-4FCB-8DD9-EDA1E4DF1C24}.Release|x64.ActiveCfg = Release|Any CPU
		{7C2EABF3-F594-4FCB-8DD9-EDA1E4DF1C24}.Release|x64.Build.0 = Release|Any CPU
		{772E47BF-A251-44F7-92C4-157D9F083A6F}.Debug|Any CPU.ActiveCfg = Debug|Any CPU
		{772E47BF-A251-44F7-92C4-157D9F083A6F}.Debug|Any CPU.Build.0 = Debug|Any CPU
		{772E47BF-A251-44F7-92C4-157D9F083A6F}.Debug|x64.ActiveCfg = Debug|Any CPU
		{772E47BF-A251-44F7-92C4-157D9F083A6F}.Release|Any CPU.ActiveCfg = Release|Any CPU
		{772E47BF-A251-44F7-92C4-157D9F083A6F}.Release|Any CPU.Build.0 = Release|Any CPU
		{772E47BF-A251-44F7-92C4-157D9F083A6F}.Release|x64.ActiveCfg = Release|Any CPU
		{E8934386-9B93-429D-AE5F-4DC6C5EBEAC2}.Debug|Any CPU.ActiveCfg = Debug|Any CPU
		{E8934386-9B93-429D-AE5F-4DC6C5EBEAC2}.Debug|Any CPU.Build.0 = Debug|Any CPU
		{E8934386-9B93-429D-AE5F-4DC6C5EBEAC2}.Debug|x64.ActiveCfg = Debug|Any CPU
		{E8934386-9B93-429D-AE5F-4DC6C5EBEAC2}.Debug|x64.Build.0 = Debug|Any CPU
		{E8934386-9B93-429D-AE5F-4DC6C5EBEAC2}.Release|Any CPU.ActiveCfg = Release|Any CPU
		{E8934386-9B93-429D-AE5F-4DC6C5EBEAC2}.Release|Any CPU.Build.0 = Release|Any CPU
		{E8934386-9B93-429D-AE5F-4DC6C5EBEAC2}.Release|x64.ActiveCfg = Release|Any CPU
		{E8934386-9B93-429D-AE5F-4DC6C5EBEAC2}.Release|x64.Build.0 = Release|Any CPU
		{C1FE66D8-208E-4874-B6D3-7D37E0F5CAED}.Debug|Any CPU.ActiveCfg = Debug|Any CPU
		{C1FE66D8-208E-4874-B6D3-7D37E0F5CAED}.Debug|Any CPU.Build.0 = Debug|Any CPU
		{C1FE66D8-208E-4874-B6D3-7D37E0F5CAED}.Debug|x64.ActiveCfg = Debug|Any CPU
		{C1FE66D8-208E-4874-B6D3-7D37E0F5CAED}.Release|Any CPU.ActiveCfg = Release|Any CPU
		{C1FE66D8-208E-4874-B6D3-7D37E0F5CAED}.Release|Any CPU.Build.0 = Release|Any CPU
		{C1FE66D8-208E-4874-B6D3-7D37E0F5CAED}.Release|x64.ActiveCfg = Release|Any CPU
		{7C74093B-73E6-4B2B-AE61-16E3EEC97CEE}.Debug|Any CPU.ActiveCfg = Debug|Any CPU
		{7C74093B-73E6-4B2B-AE61-16E3EEC97CEE}.Debug|Any CPU.Build.0 = Debug|Any CPU
		{7C74093B-73E6-4B2B-AE61-16E3EEC97CEE}.Debug|x64.ActiveCfg = Debug|Any CPU
		{7C74093B-73E6-4B2B-AE61-16E3EEC97CEE}.Release|Any CPU.ActiveCfg = Release|Any CPU
		{7C74093B-73E6-4B2B-AE61-16E3EEC97CEE}.Release|Any CPU.Build.0 = Release|Any CPU
		{7C74093B-73E6-4B2B-AE61-16E3EEC97CEE}.Release|x64.ActiveCfg = Release|Any CPU
		{A83D996D-C920-46EE-8D87-0B250CEA9653}.Debug|Any CPU.ActiveCfg = Debug|Any CPU
		{A83D996D-C920-46EE-8D87-0B250CEA9653}.Debug|Any CPU.Build.0 = Debug|Any CPU
		{A83D996D-C920-46EE-8D87-0B250CEA9653}.Debug|x64.ActiveCfg = Debug|Any CPU
		{A83D996D-C920-46EE-8D87-0B250CEA9653}.Release|Any CPU.ActiveCfg = Release|Any CPU
		{A83D996D-C920-46EE-8D87-0B250CEA9653}.Release|Any CPU.Build.0 = Release|Any CPU
		{A83D996D-C920-46EE-8D87-0B250CEA9653}.Release|x64.ActiveCfg = Release|Any CPU
		{0FBAE5E3-467B-4194-B766-67414E6C9F06}.Debug|Any CPU.ActiveCfg = Debug|Any CPU
		{0FBAE5E3-467B-4194-B766-67414E6C9F06}.Debug|Any CPU.Build.0 = Debug|Any CPU
		{0FBAE5E3-467B-4194-B766-67414E6C9F06}.Debug|x64.ActiveCfg = Debug|Any CPU
		{0FBAE5E3-467B-4194-B766-67414E6C9F06}.Release|Any CPU.ActiveCfg = Release|Any CPU
		{0FBAE5E3-467B-4194-B766-67414E6C9F06}.Release|Any CPU.Build.0 = Release|Any CPU
		{0FBAE5E3-467B-4194-B766-67414E6C9F06}.Release|x64.ActiveCfg = Release|Any CPU
		{2C479119-B1E8-4C50-86F5-692108A55171}.Debug|Any CPU.ActiveCfg = Debug|Any CPU
		{2C479119-B1E8-4C50-86F5-692108A55171}.Debug|Any CPU.Build.0 = Debug|Any CPU
		{2C479119-B1E8-4C50-86F5-692108A55171}.Debug|x64.ActiveCfg = Debug|Any CPU
		{2C479119-B1E8-4C50-86F5-692108A55171}.Release|Any CPU.ActiveCfg = Release|Any CPU
		{2C479119-B1E8-4C50-86F5-692108A55171}.Release|Any CPU.Build.0 = Release|Any CPU
		{2C479119-B1E8-4C50-86F5-692108A55171}.Release|x64.ActiveCfg = Release|Any CPU
		{7A07DFD1-10BF-42A2-8A8C-B5AAF41A5AFB}.Debug|Any CPU.ActiveCfg = Debug|Any CPU
		{7A07DFD1-10BF-42A2-8A8C-B5AAF41A5AFB}.Debug|Any CPU.Build.0 = Debug|Any CPU
		{7A07DFD1-10BF-42A2-8A8C-B5AAF41A5AFB}.Debug|x64.ActiveCfg = Debug|Any CPU
		{7A07DFD1-10BF-42A2-8A8C-B5AAF41A5AFB}.Debug|x64.Build.0 = Debug|Any CPU
		{7A07DFD1-10BF-42A2-8A8C-B5AAF41A5AFB}.Release|Any CPU.ActiveCfg = Release|Any CPU
		{7A07DFD1-10BF-42A2-8A8C-B5AAF41A5AFB}.Release|Any CPU.Build.0 = Release|Any CPU
		{7A07DFD1-10BF-42A2-8A8C-B5AAF41A5AFB}.Release|x64.ActiveCfg = Release|Any CPU
		{7A07DFD1-10BF-42A2-8A8C-B5AAF41A5AFB}.Release|x64.Build.0 = Release|Any CPU
		{DC32AB24-9A4F-4DF1-9749-6647EDDB972D}.Debug|Any CPU.ActiveCfg = Debug|Any CPU
		{DC32AB24-9A4F-4DF1-9749-6647EDDB972D}.Debug|Any CPU.Build.0 = Debug|Any CPU
		{DC32AB24-9A4F-4DF1-9749-6647EDDB972D}.Debug|x64.ActiveCfg = Debug|Any CPU
		{DC32AB24-9A4F-4DF1-9749-6647EDDB972D}.Debug|x64.Build.0 = Debug|Any CPU
		{DC32AB24-9A4F-4DF1-9749-6647EDDB972D}.Release|Any CPU.ActiveCfg = Release|Any CPU
		{DC32AB24-9A4F-4DF1-9749-6647EDDB972D}.Release|Any CPU.Build.0 = Release|Any CPU
		{DC32AB24-9A4F-4DF1-9749-6647EDDB972D}.Release|x64.ActiveCfg = Release|Any CPU
		{DC32AB24-9A4F-4DF1-9749-6647EDDB972D}.Release|x64.Build.0 = Release|Any CPU
		{A960AFE7-0D02-458D-A895-29E7A251C3DB}.Debug|Any CPU.ActiveCfg = Debug|Any CPU
		{A960AFE7-0D02-458D-A895-29E7A251C3DB}.Debug|Any CPU.Build.0 = Debug|Any CPU
		{A960AFE7-0D02-458D-A895-29E7A251C3DB}.Debug|x64.ActiveCfg = Debug|Any CPU
		{A960AFE7-0D02-458D-A895-29E7A251C3DB}.Debug|x64.Build.0 = Debug|Any CPU
		{A960AFE7-0D02-458D-A895-29E7A251C3DB}.Release|Any CPU.ActiveCfg = Release|Any CPU
		{A960AFE7-0D02-458D-A895-29E7A251C3DB}.Release|Any CPU.Build.0 = Release|Any CPU
		{A960AFE7-0D02-458D-A895-29E7A251C3DB}.Release|x64.ActiveCfg = Release|Any CPU
		{A960AFE7-0D02-458D-A895-29E7A251C3DB}.Release|x64.Build.0 = Release|Any CPU
		{F1735B47-938E-419B-8E04-E90CE15444CF}.Debug|Any CPU.ActiveCfg = Debug|Any CPU
		{F1735B47-938E-419B-8E04-E90CE15444CF}.Debug|Any CPU.Build.0 = Debug|Any CPU
		{F1735B47-938E-419B-8E04-E90CE15444CF}.Debug|x64.ActiveCfg = Debug|Any CPU
		{F1735B47-938E-419B-8E04-E90CE15444CF}.Debug|x64.Build.0 = Debug|Any CPU
		{F1735B47-938E-419B-8E04-E90CE15444CF}.Release|Any CPU.ActiveCfg = Release|Any CPU
		{F1735B47-938E-419B-8E04-E90CE15444CF}.Release|Any CPU.Build.0 = Release|Any CPU
		{F1735B47-938E-419B-8E04-E90CE15444CF}.Release|x64.ActiveCfg = Release|Any CPU
		{F1735B47-938E-419B-8E04-E90CE15444CF}.Release|x64.Build.0 = Release|Any CPU
		{5E29956E-B052-456C-98CD-D9A1186C771E}.Debug|Any CPU.ActiveCfg = Debug|Any CPU
		{5E29956E-B052-456C-98CD-D9A1186C771E}.Debug|Any CPU.Build.0 = Debug|Any CPU
		{5E29956E-B052-456C-98CD-D9A1186C771E}.Debug|x64.ActiveCfg = Debug|Any CPU
		{5E29956E-B052-456C-98CD-D9A1186C771E}.Debug|x64.Build.0 = Debug|Any CPU
		{5E29956E-B052-456C-98CD-D9A1186C771E}.Release|Any CPU.ActiveCfg = Release|Any CPU
		{5E29956E-B052-456C-98CD-D9A1186C771E}.Release|Any CPU.Build.0 = Release|Any CPU
		{5E29956E-B052-456C-98CD-D9A1186C771E}.Release|x64.ActiveCfg = Release|Any CPU
		{5E29956E-B052-456C-98CD-D9A1186C771E}.Release|x64.Build.0 = Release|Any CPU
	EndGlobalSection
	GlobalSection(SolutionProperties) = preSolution
		HideSolutionNode = FALSE
	EndGlobalSection
	GlobalSection(NestedProjects) = preSolution
		{7C2EABF3-F594-4FCB-8DD9-EDA1E4DF1C24} = {B760209E-57D7-4AEF-A726-69F73BBE52C0}
		{772E47BF-A251-44F7-92C4-157D9F083A6F} = {0BD7B542-16CE-40C8-9B2D-D3D2C6A3E5FD}
		{E8934386-9B93-429D-AE5F-4DC6C5EBEAC2} = {B760209E-57D7-4AEF-A726-69F73BBE52C0}
		{2899FD45-2A63-4CAF-A351-27389FE3E47A} = {0BD7B542-16CE-40C8-9B2D-D3D2C6A3E5FD}
		{C1FE66D8-208E-4874-B6D3-7D37E0F5CAED} = {2899FD45-2A63-4CAF-A351-27389FE3E47A}
		{7C74093B-73E6-4B2B-AE61-16E3EEC97CEE} = {2899FD45-2A63-4CAF-A351-27389FE3E47A}
		{A83D996D-C920-46EE-8D87-0B250CEA9653} = {2899FD45-2A63-4CAF-A351-27389FE3E47A}
		{0FBAE5E3-467B-4194-B766-67414E6C9F06} = {2899FD45-2A63-4CAF-A351-27389FE3E47A}
		{2C479119-B1E8-4C50-86F5-692108A55171} = {2899FD45-2A63-4CAF-A351-27389FE3E47A}
		{7A07DFD1-10BF-42A2-8A8C-B5AAF41A5AFB} = {13011738-A4B3-47B0-9E50-C0323EB19F76}
		{A960AFE7-0D02-458D-A895-29E7A251C3DB} = {B760209E-57D7-4AEF-A726-69F73BBE52C0}
		{5E29956E-B052-456C-98CD-D9A1186C771E} = {13011738-A4B3-47B0-9E50-C0323EB19F76}
	EndGlobalSection
EndGlobal
